
Microsoft Visual Studio Solution File, Format Version 12.00
# Visual Studio 15
VisualStudioVersion = 15.0.27130.2010
MinimumVisualStudioVersion = 10.0.40219.1
Project("{FAE04EC0-301F-11D3-BF4B-00C04F79EFBC}") = "GetUniqueID", "GetUniqueID\GetUniqueID.csproj", "{B61B8BEA-42EF-4B9D-A7D4-82968C78B3DB}"
EndProject
Project("{FAE04EC0-301F-11D3-BF4B-00C04F79EFBC}") = "ComparisonUniqueID", "ComparisonUniqueID\ComparisonUniqueID.csproj", "{EEEDB2B2-41E0-4328-8BAF-F74C44EC73BB}"
EndProject
Project("{FAE04EC0-301F-11D3-BF4B-00C04F79EFBC}") = "Test", "Test\Test.csproj", "{0775A744-5CF9-43CD-A43F-E6F075A19A97}"
EndProject
Global
	GlobalSection(SolutionConfigurationPlatforms) = preSolution
		Debug|Any CPU = Debug|Any CPU
		Release|Any CPU = Release|Any CPU
	EndGlobalSection
	GlobalSection(ProjectConfigurationPlatforms) = postSolution
		{B61B8BEA-42EF-4B9D-A7D4-82968C78B3DB}.Debug|Any CPU.ActiveCfg = Debug|Any CPU
		{B61B8BEA-42EF-4B9D-A7D4-82968C78B3DB}.Debug|Any CPU.Build.0 = Debug|Any CPU
		{B61B8BEA-42EF-4B9D-A7D4-82968C78B3DB}.Release|Any CPU.ActiveCfg = Release|Any CPU
		{B61B8BEA-42EF-4B9D-A7D4-82968C78B3DB}.Release|Any CPU.Build.0 = Release|Any CPU
		{EEEDB2B2-41E0-4328-8BAF-F74C44EC73BB}.Debug|Any CPU.ActiveCfg = Debug|Any CPU
		{EEEDB2B2-41E0-4328-8BAF-F74C44EC73BB}.Debug|Any CPU.Build.0 = Debug|Any CPU
		{EEEDB2B2-41E0-4328-8BAF-F74C44EC73BB}.Release|Any CPU.ActiveCfg = Release|Any CPU
		{EEEDB2B2-41E0-4328-8BAF-F74C44EC73BB}.Release|Any CPU.Build.0 = Release|Any CPU
		{0775A744-5CF9-43CD-A43F-E6F075A19A97}.Debug|Any CPU.ActiveCfg = Debug|Any CPU
		{0775A744-5CF9-43CD-A43F-E6F075A19A97}.Debug|Any CPU.Build.0 = Debug|Any CPU
		{0775A744-5CF9-43CD-A43F-E6F075A19A97}.Release|Any CPU.ActiveCfg = Release|Any CPU
		{0775A744-5CF9-43CD-A43F-E6F075A19A97}.Release|Any CPU.Build.0 = Release|Any CPU
	EndGlobalSection
	GlobalSection(SolutionProperties) = preSolution
		HideSolutionNode = FALSE
	EndGlobalSection
	GlobalSection(ExtensibilityGlobals) = postSolution
		SolutionGuid = {D40012ED-AF34-48C9-B802-0C56FE188176}
	EndGlobalSection
EndGlobal
